
Microsoft Visual Studio Solution File, Format Version 12.00
# Visual Studio 15
VisualStudioVersion = 15.0.28307.852
MinimumVisualStudioVersion = 10.0.40219.1
Project("{9A19103F-16F7-4668-BE54-9A1E7A4F7556}") = "SimpleBankingSystem.Domain", "SimpleBankingSystem.Domain\SimpleBankingSystem.Domain.csproj", "{01CFE8C1-425F-4E8C-9805-A4533DAA9283}"
EndProject
Project("{9A19103F-16F7-4668-BE54-9A1E7A4F7556}") = "SimpleBankingSystem.UnitTests", "SimpleBankingSystem.UnitTests\SimpleBankingSystem.UnitTests.csproj", "{7FCF5760-3AFD-4272-B181-6437A16E1837}"
EndProject
Project("{9A19103F-16F7-4668-BE54-9A1E7A4F7556}") = "SimpleBankingSystem.API", "SimpleBankingSystem.API\SimpleBankingSystem.API.csproj", "{367BC070-2AA8-4D1E-A2FC-79C3AD4A865E}"
EndProject
Project("{9A19103F-16F7-4668-BE54-9A1E7A4F7556}") = "SimpleBankingSystem.UI", "SimpleBankingSystem.UI\SimpleBankingSystem.UI.csproj", "{FAD611AE-81BC-442C-A8AD-A9DDEEB1B926}"
EndProject
Global
	GlobalSection(SolutionConfigurationPlatforms) = preSolution
		Debug|Any CPU = Debug|Any CPU
		Release|Any CPU = Release|Any CPU
	EndGlobalSection
	GlobalSection(ProjectConfigurationPlatforms) = postSolution
		{01CFE8C1-425F-4E8C-9805-A4533DAA9283}.Debug|Any CPU.ActiveCfg = Debug|Any CPU
		{01CFE8C1-425F-4E8C-9805-A4533DAA9283}.Debug|Any CPU.Build.0 = Debug|Any CPU
		{01CFE8C1-425F-4E8C-9805-A4533DAA9283}.Release|Any CPU.ActiveCfg = Release|Any CPU
		{01CFE8C1-425F-4E8C-9805-A4533DAA9283}.Release|Any CPU.Build.0 = Release|Any CPU
		{7FCF5760-3AFD-4272-B181-6437A16E1837}.Debug|Any CPU.ActiveCfg = Debug|Any CPU
		{7FCF5760-3AFD-4272-B181-6437A16E1837}.Debug|Any CPU.Build.0 = Debug|Any CPU
		{7FCF5760-3AFD-4272-B181-6437A16E1837}.Release|Any CPU.ActiveCfg = Release|Any CPU
		{7FCF5760-3AFD-4272-B181-6437A16E1837}.Release|Any CPU.Build.0 = Release|Any CPU
		{367BC070-2AA8-4D1E-A2FC-79C3AD4A865E}.Debug|Any CPU.ActiveCfg = Debug|Any CPU
		{367BC070-2AA8-4D1E-A2FC-79C3AD4A865E}.Debug|Any CPU.Build.0 = Debug|Any CPU
		{367BC070-2AA8-4D1E-A2FC-79C3AD4A865E}.Release|Any CPU.ActiveCfg = Release|Any CPU
		{367BC070-2AA8-4D1E-A2FC-79C3AD4A865E}.Release|Any CPU.Build.0 = Release|Any CPU
		{FAD611AE-81BC-442C-A8AD-A9DDEEB1B926}.Debug|Any CPU.ActiveCfg = Debug|Any CPU
		{FAD611AE-81BC-442C-A8AD-A9DDEEB1B926}.Debug|Any CPU.Build.0 = Debug|Any CPU
		{FAD611AE-81BC-442C-A8AD-A9DDEEB1B926}.Release|Any CPU.ActiveCfg = Release|Any CPU
		{FAD611AE-81BC-442C-A8AD-A9DDEEB1B926}.Release|Any CPU.Build.0 = Release|Any CPU
	EndGlobalSection
	GlobalSection(SolutionProperties) = preSolution
		HideSolutionNode = FALSE
	EndGlobalSection
	GlobalSection(ExtensibilityGlobals) = postSolution
		SolutionGuid = {E7C3A461-3785-4C9F-81D4-342832226CF3}
	EndGlobalSection
EndGlobal
