
Microsoft Visual Studio Solution File, Format Version 12.00
# Visual Studio 15
VisualStudioVersion = 15.0.28307.852
MinimumVisualStudioVersion = 10.0.40219.1
Project("{FAE04EC0-301F-11D3-BF4B-00C04F79EFBC}") = "SimpleBankingSystem.Domain", "SimpleBankingSystem.Domain\SimpleBankingSystem.Domain.csproj", "{01CFE8C1-425F-4E8C-9805-A4533DAA9283}"
EndProject
Global
	GlobalSection(SolutionConfigurationPlatforms) = preSolution
		Debug|Any CPU = Debug|Any CPU
		Release|Any CPU = Release|Any CPU
	EndGlobalSection
	GlobalSection(ProjectConfigurationPlatforms) = postSolution
		{01CFE8C1-425F-4E8C-9805-A4533DAA9283}.Debug|Any CPU.ActiveCfg = Debug|Any CPU
		{01CFE8C1-425F-4E8C-9805-A4533DAA9283}.Debug|Any CPU.Build.0 = Debug|Any CPU
		{01CFE8C1-425F-4E8C-9805-A4533DAA9283}.Release|Any CPU.ActiveCfg = Release|Any CPU
		{01CFE8C1-425F-4E8C-9805-A4533DAA9283}.Release|Any CPU.Build.0 = Release|Any CPU
	EndGlobalSection
	GlobalSection(SolutionProperties) = preSolution
		HideSolutionNode = FALSE
	EndGlobalSection
	GlobalSection(ExtensibilityGlobals) = postSolution
		SolutionGuid = {E7C3A461-3785-4C9F-81D4-342832226CF3}
	EndGlobalSection
EndGlobal
